PODS:
  - aws_amplify_storage (0.0.1):
    - AWSMobileClient (~> 2.9.0)
    - AWSS3 (~> 2.9.0)
    - Flutter
  - AWSAuthCore (2.9.4):
    - AWSCore (= 2.9.4)
  - AWSCognitoIdentityProvider (2.9.4):
    - AWSCognitoIdentityProviderASF (= 1.0.1)
    - AWSCore (= 2.9.4)
  - AWSCognitoIdentityProviderASF (1.0.1)
  - AWSCore (2.9.4)
  - AWSMobileClient (2.9.4):
    - AWSAuthCore (= 2.9.4)
    - AWSCognitoIdentityProvider (= 2.9.4)
  - AWSS3 (2.9.4):
    - AWSCore (= 2.9.4)
  - Flutter (1.0.0)

DEPENDENCIES:
  - aws_amplify_storage (from `.symlinks/plugins/aws_amplify_storage/ios`)
  - Flutter (from `.symlinks/flutter/ios-release`)

SPEC REPOS:
  https://github.com/cocoapods/specs.git:
    - AWSAuthCore
    - AWSCognitoIdentityProvider
    - AWSCognitoIdentityProviderASF
    - AWSCore
    - AWSMobileClient
    - AWSS3

EXTERNAL SOURCES:
  aws_amplify_storage:
    :path: ".symlinks/plugins/aws_amplify_storage/ios"
  Flutter:
    :path: ".symlinks/flutter/ios-release"

SPEC CHECKSUMS:
  aws_amplify_storage: 3c157e11de8d4fb53fd5f17007b8b3f0353f1099
  AWSAuthCore: 5509db7bfba74bdbc45cdb778d12560ad407d06c
  AWSCognitoIdentityProvider: b90896ca0b8f3963a1b698f458ff441f21d26142
  AWSCognitoIdentityProviderASF: f94f1a502e72ef3d0a1de93e10bf7a79c8698118
  AWSCore: 8539eaa1d687d50b6b127db5cb600e4c6b37cd4e
  AWSMobileClient: 689440f96995ab33b9dabd2a72ecf3c8059259a9
  AWSS3: fe1b6c1880dde60c33e6c1afcf23c3a805c99a49
  Flutter: 58dd7d1b27887414a370fcccb9e645c08ffd7a6a

PODFILE CHECKSUM: 7532b346daa9ad21dc557e9befaa906d6c09ddff

COCOAPODS: 1.6.1
